{
  "name": "kingsidharth.com",
  "version": "6.0",
  "lockfileVersion": 2,
  "requires": true,
  "packages": {
    "": {
      "name": "kingsidharth.com",
      "version": "6.0",
      "dependencies": {
        "animejs": "^3.2.1"
      },
      "devDependencies": {
        "foundation-sites": "^6.5.1"
      },
      "engines": {
        "node": ">=0.8.0"
      }
    },
    "node_modules/animejs": {
      "version": "3.2.1",
      "resolved": "https://registry.npmjs.org/animejs/-/animejs-3.2.1.tgz",
      "integrity": "sha512-sWno3ugFryK5nhiDm/2BKeFCpZv7vzerWUcUPyAZLDhMek3+S/p418ldZJbJXo5ZUOpfm2kP2XRO4NJcULMy9A=="
    },
    "node_modules/foundation-sites": {
      "version": "6.6.1",
      "resolved": "https://registry.npmjs.org/foundation-sites/-/foundation-sites-6.6.1.tgz",
      "integrity": "sha512-4GrCL8L3osFJM6WCNRIQs5kGX5BCKNuO2zzQN68lUTblgpH7FUE28ctkbNFqoTnkUmWARj5VtiS3oQob3H0eZA==",
      "dev": true,
      "engines": {
        "node": ">=8.4.0",
        "npm": ">=2.14.2"
      },
      "peerDependencies": {
        "jquery": ">=2.2.0",
        "what-input": ">=4.1.0"
      }
    },
    "node_modules/jquery": {
      "version": "3.7.1",
      "resolved": "https://registry.npmjs.org/jquery/-/jquery-3.7.1.tgz",
      "integrity": "sha512-m4avr8yL8kmFN8psrbFFFmB/If14iN5o9nw/NgnnM+kybDJpRsAynV2BsfpTYrTRysYUdADVD7CkUUizgkpLfg==",
      "dev": true,
      "peer": true
    },
    "node_modules/what-input": {
      "version": "5.2.12",
      "resolved": "https://registry.npmjs.org/what-input/-/what-input-5.2.12.tgz",
      "integrity": "sha512-3yrSa7nGSXGJS6wZeSkO6VNm95pB1mZ9i3wFzC1hhY7mn4/afue/MvXz04OXNdBC8bfo4AB4RRd3Dem9jXM58Q==",
      "dev": true,
      "peer": true
    }
  },
  "dependencies": {
    "animejs": {
      "version": "3.2.1",
      "resolved": "https://registry.npmjs.org/animejs/-/animejs-3.2.1.tgz",
      "integrity": "sha512-sWno3ugFryK5nhiDm/2BKeFCpZv7vzerWUcUPyAZLDhMek3+S/p418ldZJbJXo5ZUOpfm2kP2XRO4NJcULMy9A=="
    },
    "foundation-sites": {
      "version": "6.6.1",
      "resolved": "https://registry.npmjs.org/foundation-sites/-/foundation-sites-6.6.1.tgz",
      "integrity": "sha512-4GrCL8L3osFJM6WCNRIQs5kGX5BCKNuO2zzQN68lUTblgpH7FUE28ctkbNFqoTnkUmWARj5VtiS3oQob3H0eZA==",
      "dev": true,
      "requires": {}
    },
    "jquery": {
      "version": "3.7.1",
      "resolved": "https://registry.npmjs.org/jquery/-/jquery-3.7.1.tgz",
      "integrity": "sha512-m4avr8yL8kmFN8psrbFFFmB/If14iN5o9nw/NgnnM+kybDJpRsAynV2BsfpTYrTRysYUdADVD7CkUUizgkpLfg==",
      "dev": true,
      "peer": true
    },
    "what-input": {
      "version": "5.2.12",
      "resolved": "https://registry.npmjs.org/what-input/-/what-input-5.2.12.tgz",
      "integrity": "sha512-3yrSa7nGSXGJS6wZeSkO6VNm95pB1mZ9i3wFzC1hhY7mn4/afue/MvXz04OXNdBC8bfo4AB4RRd3Dem9jXM58Q==",
      "dev": true,
      "peer": true
    }
  }
}
