{
  "name": "kingsidharth.com",
  "version": "6.0",
  "lockfileVersion": 2,
  "requires": true,
  "packages": {
    "": {
      "name": "kingsidharth.com",
      "version": "6.0",
      "dependencies": {
        "animejs": "^3.2.1"
      },
      "devDependencies": {
        "foundation-sites": "^6.5.1"
      },
      "engines": {
        "node": ">=0.8.0"
      }
    },
    "node_modules/animejs": {
      "version": "3.2.1",
      "resolved": "https://registry.npmjs.org/animejs/-/animejs-3.2.1.tgz",
      "integrity": "sha512-sWno3ugFryK5nhiDm/2BKeFCpZv7vzerWUcUPyAZLDhMek3+S/p418ldZJbJXo5ZUOpfm2kP2XRO4NJcULMy9A=="
    },
    "node_modules/foundation-sites": {
      "version": "6.6.1",
      "resolved": "https://registry.npmjs.org/foundation-sites/-/foundation-sites-6.6.1.tgz",
      "integrity": "sha512-4GrCL8L3osFJM6WCNRIQs5kGX5BCKNuO2zzQN68lUTblgpH7FUE28ctkbNFqoTnkUmWARj5VtiS3oQob3H0eZA==",
      "dev": true,
      "engines": {
        "node": ">=8.4.0",
        "npm": ">=2.14.2"
      },
      "peerDependencies": {
        "jquery": ">=2.2.0",
        "what-input": ">=4.1.0"
      }
    }
  },
  "dependencies": {
    "animejs": {
      "version": "3.2.1",
      "resolved": "https://registry.npmjs.org/animejs/-/animejs-3.2.1.tgz",
      "integrity": "sha512-sWno3ugFryK5nhiDm/2BKeFCpZv7vzerWUcUPyAZLDhMek3+S/p418ldZJbJXo5ZUOpfm2kP2XRO4NJcULMy9A=="
    },
    "foundation-sites": {
      "version": "6.6.1",
      "resolved": "https://registry.npmjs.org/foundation-sites/-/foundation-sites-6.6.1.tgz",
      "integrity": "sha512-4GrCL8L3osFJM6WCNRIQs5kGX5BCKNuO2zzQN68lUTblgpH7FUE28ctkbNFqoTnkUmWARj5VtiS3oQob3H0eZA==",
      "dev": true,
      "requires": {}
    }
  }
}
